
Microsoft Visual Studio Solution File, Format Version 12.00
# Visual Studio Version 17
VisualStudioVersion = 17.0.31512.422
MinimumVisualStudioVersion = 10.0.40219.1
Project("{FAE04EC0-301F-11D3-BF4B-00C04F79EFBC}") = "OpenSchool.Web.Api", "OpenSchool.Web.Api\OpenSchool.Web.Api.csproj", "{75681AE8-8DF4-446E-912B-413A9C9DF565}"
EndProject
Global
	GlobalSection(SolutionConfigurationPlatforms) = preSolution
		Debug|Any CPU = Debug|Any CPU
		Release|Any CPU = Release|Any CPU
	EndGlobalSection
	GlobalSection(ProjectConfigurationPlatforms) = postSolution
		{75681AE8-8DF4-446E-912B-413A9C9DF565}.Debug|Any CPU.ActiveCfg = Debug|Any CPU
		{75681AE8-8DF4-446E-912B-413A9C9DF565}.Debug|Any CPU.Build.0 = Debug|Any CPU
		{75681AE8-8DF4-446E-912B-413A9C9DF565}.Release|Any CPU.ActiveCfg = Release|Any CPU
		{75681AE8-8DF4-446E-912B-413A9C9DF565}.Release|Any CPU.Build.0 = Release|Any CPU
	EndGlobalSection
	GlobalSection(SolutionProperties) = preSolution
		HideSolutionNode = FALSE
	EndGlobalSection
	GlobalSection(ExtensibilityGlobals) = postSolution
		SolutionGuid = {F5C981CD-C49C-422B-AB49-428DB94CC60C}
	EndGlobalSection
EndGlobal
